// !$*UTF8*$!
{
	archiveVersion = 1;
	classes = {
	};
	objectVersion = 56;
	objects = {

/* Begin PBXBuildFile section */
		94016B042C4F4F03006F025B /* WidgetFeature in Frameworks */ = {isa = PBXBuildFile; productRef = 94016B032C4F4F03006F025B /* WidgetFeature */; };
		940A9E662C514AA20093893D /* Preview Assets.xcassets in Resources */ = {isa = PBXBuildFile; fileRef = 9482BE752C51402A00881181 /* Preview Assets.xcassets */; };
		94453E472C4AAD7900B15690 /* WidgetKit.framework in Frameworks */ = {isa = PBXBuildFile; fileRef = 94453E462C4AAD7800B15690 /* WidgetKit.framework */; };
		94453E492C4AAD7900B15690 /* SwiftUI.framework in Frameworks */ = {isa = PBXBuildFile; fileRef = 94453E482C4AAD7900B15690 /* SwiftUI.framework */; };
		94453E4C2C4AAD7900B15690 /* WidgetsBundle.swift in Sources */ = {isa = PBXBuildFile; fileRef = 94453E4B2C4AAD7900B15690 /* WidgetsBundle.swift */; };
		94453E4E2C4AAD7900B15690 /* LatestScreenshotProvider.swift in Sources */ = {isa = PBXBuildFile; fileRef = 94453E4D2C4AAD7900B15690 /* LatestScreenshotProvider.swift */; };
		94453E522C4AAD7A00B15690 /* Assets.xcassets in Resources */ = {isa = PBXBuildFile; fileRef = 94453E512C4AAD7A00B15690 /* Assets.xcassets */; };
		94453E562C4AAD7A00B15690 /* WidgetsExtension.appex in Embed Foundation Extensions */ = {isa = PBXBuildFile; fileRef = 94453E452C4AAD7800B15690 /* WidgetsExtension.appex */; settings = {ATTRIBUTES = (RemoveHeadersOnCopy, ); }; };
		9455F4DC2C4F2F3B009D0707 /* AdaptiveLabelStyle.swift in Sources */ = {isa = PBXBuildFile; fileRef = 9455F4DB2C4F2F3B009D0707 /* AdaptiveLabelStyle.swift */; };
		946E7FC52C4C3341001E4C46 /* MultipleScreenshotsView.swift in Sources */ = {isa = PBXBuildFile; fileRef = 946E7FC12C4C3341001E4C46 /* MultipleScreenshotsView.swift */; };
		946E7FC62C4C3341001E4C46 /* MultipleScreenshotsWidget.swift in Sources */ = {isa = PBXBuildFile; fileRef = 946E7FC42C4C3341001E4C46 /* MultipleScreenshotsWidget.swift */; };
		946E7FC72C4C3341001E4C46 /* MultipleScreenshotsEntry.swift in Sources */ = {isa = PBXBuildFile; fileRef = 946E7FC32C4C3341001E4C46 /* MultipleScreenshotsEntry.swift */; };
		946E7FC92C4C3341001E4C46 /* MultipleScreenshotsProvider.swift in Sources */ = {isa = PBXBuildFile; fileRef = 946E7FC02C4C3341001E4C46 /* MultipleScreenshotsProvider.swift */; };
		946E7FCB2C4C338B001E4C46 /* DeleteLatestScreenshotIntent.swift in Sources */ = {isa = PBXBuildFile; fileRef = 946E7FCA2C4C338B001E4C46 /* DeleteLatestScreenshotIntent.swift */; };
		94BD65CA2A44B28700D0CE61 /* ShotbotApp.swift in Sources */ = {isa = PBXBuildFile; fileRef = 94BD65C92A44B28700D0CE61 /* ShotbotApp.swift */; };
		94BD65CE2A44B28700D0CE61 /* Assets.xcassets in Resources */ = {isa = PBXBuildFile; fileRef = 94BD65CD2A44B28700D0CE61 /* Assets.xcassets */; };
		94BD65D12A44B28700D0CE61 /* Preview Assets.xcassets in Resources */ = {isa = PBXBuildFile; fileRef = 94BD65D02A44B28700D0CE61 /* Preview Assets.xcassets */; };
		94BD65DB2A44B3B300D0CE61 /* AppFeature in Frameworks */ = {isa = PBXBuildFile; productRef = 94BD65DA2A44B3B300D0CE61 /* AppFeature */; };
		94BD65E32A44B49900D0CE61 /* UniformTypeIdentifiers.framework in Frameworks */ = {isa = PBXBuildFile; fileRef = 94BD65E22A44B49900D0CE61 /* UniformTypeIdentifiers.framework */; };
		94BD65EF2A44B49900D0CE61 /* ShotbotActionExtension.appex in Embed Foundation Extensions */ = {isa = PBXBuildFile; fileRef = 94BD65E12A44B49900D0CE61 /* ShotbotActionExtension.appex */; settings = {ATTRIBUTES = (RemoveHeadersOnCopy, ); }; };
		94BD65F52A44B53200D0CE61 /* Assets.xcassets in Resources */ = {isa = PBXBuildFile; fileRef = 94BD65F42A44B53200D0CE61 /* Assets.xcassets */; };
		94BD65FC2A44B67600D0CE61 /* ActionViewController.swift in Sources */ = {isa = PBXBuildFile; fileRef = 94BD65F92A44B67600D0CE61 /* ActionViewController.swift */; };
		94BD65FD2A44B67600D0CE61 /* ActionExtensionView.swift in Sources */ = {isa = PBXBuildFile; fileRef = 94BD65FA2A44B67600D0CE61 /* ActionExtensionView.swift */; };
		94BD65FE2A44B67600D0CE61 /* ActionExtensionViewModel.swift in Sources */ = {isa = PBXBuildFile; fileRef = 94BD65FB2A44B67600D0CE61 /* ActionExtensionViewModel.swift */; };
		94BD66022A44B8CC00D0CE61 /* Persistence in Frameworks */ = {isa = PBXBuildFile; productRef = 94BD66012A44B8CC00D0CE61 /* Persistence */; };
		94BD66042A44B8D000D0CE61 /* Models in Frameworks */ = {isa = PBXBuildFile; productRef = 94BD66032A44B8D000D0CE61 /* Models */; };
		94C4E2682C4B06610017C18E /* LatestScreenshotEntry.swift in Sources */ = {isa = PBXBuildFile; fileRef = 94C4E2672C4B06610017C18E /* LatestScreenshotEntry.swift */; };
		94C4E26A2C4B06850017C18E /* LatestScreenshotView.swift in Sources */ = {isa = PBXBuildFile; fileRef = 94C4E2692C4B06850017C18E /* LatestScreenshotView.swift */; };
		94C4E26C2C4B08580017C18E /* LatestScreenshotWidget.swift in Sources */ = {isa = PBXBuildFile; fileRef = 94C4E26B2C4B08580017C18E /* LatestScreenshotWidget.swift */; };
		94C4E26E2C4B0EDF0017C18E /* MediaManager in Frameworks */ = {isa = PBXBuildFile; productRef = 94C4E26D2C4B0EDF0017C18E /* MediaManager */; };
		94C4E26F2C4B23950017C18E /* Assets.xcassets in Resources */ = {isa = PBXBuildFile; fileRef = 94BD65CD2A44B28700D0CE61 /* Assets.xcassets */; };
		94CA148C2B81C13F009D956C /* CreateFramedScreenshotsIntent.swift in Sources */ = {isa = PBXBuildFile; fileRef = 94CA148B2B81C13F009D956C /* CreateFramedScreenshotsIntent.swift */; };
		94CA148E2B81C1CA009D956C /* ShortcutsImageQuality.swift in Sources */ = {isa = PBXBuildFile; fileRef = 94CA148D2B81C1CA009D956C /* ShortcutsImageQuality.swift */; };
		94CA14912B81C5C2009D956C /* ShotBotShortcuts.swift in Sources */ = {isa = PBXBuildFile; fileRef = 94CA14902B81C5C2009D956C /* ShotBotShortcuts.swift */; };
		94E20BBB2C4ADDD800C11043 /* RefreshLatestScreenshotIntent.swift in Sources */ = {isa = PBXBuildFile; fileRef = 94E20BBA2C4ADDD800C11043 /* RefreshLatestScreenshotIntent.swift */; };
		94E20BBD2C4ADDE000C11043 /* CGSize+Extension.swift in Sources */ = {isa = PBXBuildFile; fileRef = 94E20BBC2C4ADDE000C11043 /* CGSize+Extension.swift */; };
/* End PBXBuildFile section */

/* Begin PBXContainerItemProxy section */
		94453E542C4AAD7A00B15690 /* PBXContainerItemProxy */ = {
			isa = PBXContainerItemProxy;
			containerPortal = 94BD65BE2A44B28700D0CE61 /* Project object */;
			proxyType = 1;
			remoteGlobalIDString = 94453E442C4AAD7800B15690;
			remoteInfo = WidgetsExtension;
		};
		94BD65ED2A44B49900D0CE61 /* PBXContainerItemProxy */ = {
			isa = PBXContainerItemProxy;
			containerPortal = 94BD65BE2A44B28700D0CE61 /* Project object */;
			proxyType = 1;
			remoteGlobalIDString = 94BD65E02A44B49900D0CE61;
			remoteInfo = ShotbotActionExtension;
		};
/* End PBXContainerItemProxy section */

/* Begin PBXCopyFilesBuildPhase section */
		94BD65F32A44B49900D0CE61 /* Embed Foundation Extensions */ = {
			isa = PBXCopyFilesBuildPhase;
			buildActionMask = 2147483647;
			dstPath = "";
			dstSubfolderSpec = 13;
			files = (
				94453E562C4AAD7A00B15690 /* WidgetsExtension.appex in Embed Foundation Extensions */,
				94BD65EF2A44B49900D0CE61 /* ShotbotActionExtension.appex in Embed Foundation Extensions */,
			);
			name = "Embed Foundation Extensions";
			runOnlyForDeploymentPostprocessing = 0;
		};
/* End PBXCopyFilesBuildPhase section */

/* Begin PBXFileReference section */
		94453E452C4AAD7800B15690 /* WidgetsExtension.appex */ = {isa = PBXFileReference; explicitFileType = "wrapper.app-extension"; includeInIndex = 0; path = WidgetsExtension.appex; sourceTree = BUILT_PRODUCTS_DIR; };
		94453E462C4AAD7800B15690 /* WidgetKit.framework */ = {isa = PBXFileReference; lastKnownFileType = wrapper.framework; name = WidgetKit.framework; path = System/Library/Frameworks/WidgetKit.framework; sourceTree = SDKROOT; };
		94453E482C4AAD7900B15690 /* SwiftUI.framework */ = {isa = PBXFileReference; lastKnownFileType = wrapper.framework; name = SwiftUI.framework; path = System/Library/Frameworks/SwiftUI.framework; sourceTree = SDKROOT; };
		94453E4B2C4AAD7900B15690 /* WidgetsBundle.swift */ = {isa = PBXFileReference; lastKnownFileType = sourcecode.swift; path = WidgetsBundle.swift; sourceTree = "<group>"; };
		94453E4D2C4AAD7900B15690 /* LatestScreenshotProvider.swift */ = {isa = PBXFileReference; lastKnownFileType = sourcecode.swift; path = LatestScreenshotProvider.swift; sourceTree = "<group>"; };
		94453E512C4AAD7A00B15690 /* Assets.xcassets */ = {isa = PBXFileReference; lastKnownFileType = folder.assetcatalog; path = Assets.xcassets; sourceTree = "<group>"; };
		94453E532C4AAD7A00B15690 /* Info.plist */ = {isa = PBXFileReference; lastKnownFileType = text.plist.xml; path = Info.plist; sourceTree = "<group>"; };
		9455F4DB2C4F2F3B009D0707 /* AdaptiveLabelStyle.swift */ = {isa = PBXFileReference; lastKnownFileType = sourcecode.swift; path = AdaptiveLabelStyle.swift; sourceTree = "<group>"; };
		946E7FC02C4C3341001E4C46 /* MultipleScreenshotsProvider.swift */ = {isa = PBXFileReference; lastKnownFileType = sourcecode.swift; path = MultipleScreenshotsProvider.swift; sourceTree = "<group>"; };
		946E7FC12C4C3341001E4C46 /* MultipleScreenshotsView.swift */ = {isa = PBXFileReference; lastKnownFileType = sourcecode.swift; path = MultipleScreenshotsView.swift; sourceTree = "<group>"; };
		946E7FC32C4C3341001E4C46 /* MultipleScreenshotsEntry.swift */ = {isa = PBXFileReference; lastKnownFileType = sourcecode.swift; path = MultipleScreenshotsEntry.swift; sourceTree = "<group>"; };
		946E7FC42C4C3341001E4C46 /* MultipleScreenshotsWidget.swift */ = {isa = PBXFileReference; lastKnownFileType = sourcecode.swift; path = MultipleScreenshotsWidget.swift; sourceTree = "<group>"; };
		946E7FCA2C4C338B001E4C46 /* DeleteLatestScreenshotIntent.swift */ = {isa = PBXFileReference; lastKnownFileType = sourcecode.swift; path = DeleteLatestScreenshotIntent.swift; sourceTree = "<group>"; };
		9482BE752C51402A00881181 /* Preview Assets.xcassets */ = {isa = PBXFileReference; lastKnownFileType = folder.assetcatalog; path = "Preview Assets.xcassets"; sourceTree = "<group>"; };
		94BD65C62A44B28700D0CE61 /* Shotbot.app */ = {isa = PBXFileReference; explicitFileType = wrapper.application; includeInIndex = 0; path = Shotbot.app; sourceTree = BUILT_PRODUCTS_DIR; };
		94BD65C92A44B28700D0CE61 /* ShotbotApp.swift */ = {isa = PBXFileReference; lastKnownFileType = sourcecode.swift; path = ShotbotApp.swift; sourceTree = "<group>"; };
		94BD65CD2A44B28700D0CE61 /* Assets.xcassets */ = {isa = PBXFileReference; lastKnownFileType = folder.assetcatalog; path = Assets.xcassets; sourceTree = "<group>"; };
		94BD65D02A44B28700D0CE61 /* Preview Assets.xcassets */ = {isa = PBXFileReference; lastKnownFileType = folder.assetcatalog; path = "Preview Assets.xcassets"; sourceTree = "<group>"; };
		94BD65D82A44B33700D0CE61 /* ShotbotCore */ = {isa = PBXFileReference; lastKnownFileType = wrapper; path = ShotbotCore; sourceTree = "<group>"; };
		94BD65DC2A44B3B900D0CE61 /* Shotbot.entitlements */ = {isa = PBXFileReference; lastKnownFileType = text.plist.entitlements; path = Shotbot.entitlements; sourceTree = "<group>"; };
		94BD65E12A44B49900D0CE61 /* ShotbotActionExtension.appex */ = {isa = PBXFileReference; explicitFileType = "wrapper.app-extension"; includeInIndex = 0; path = ShotbotActionExtension.appex; sourceTree = BUILT_PRODUCTS_DIR; };
		94BD65E22A44B49900D0CE61 /* UniformTypeIdentifiers.framework */ = {isa = PBXFileReference; lastKnownFileType = wrapper.framework; name = UniformTypeIdentifiers.framework; path = System/Library/Frameworks/UniformTypeIdentifiers.framework; sourceTree = SDKROOT; };
		94BD65F42A44B53200D0CE61 /* Assets.xcassets */ = {isa = PBXFileReference; lastKnownFileType = folder.assetcatalog; path = Assets.xcassets; sourceTree = "<group>"; };
		94BD65F62A44B55D00D0CE61 /* ShotbotActionExtension.entitlements */ = {isa = PBXFileReference; lastKnownFileType = text.plist.entitlements; path = ShotbotActionExtension.entitlements; sourceTree = "<group>"; };
		94BD65F72A44B62000D0CE61 /* Info.plist */ = {isa = PBXFileReference; fileEncoding = 4; lastKnownFileType = text.plist.xml; path = Info.plist; sourceTree = "<group>"; };
		94BD65F92A44B67600D0CE61 /* ActionViewController.swift */ = {isa = PBXFileReference; fileEncoding = 4; lastKnownFileType = sourcecode.swift; path = ActionViewController.swift; sourceTree = "<group>"; };
		94BD65FA2A44B67600D0CE61 /* ActionExtensionView.swift */ = {isa = PBXFileReference; fileEncoding = 4; lastKnownFileType = sourcecode.swift; path = ActionExtensionView.swift; sourceTree = "<group>"; };
		94BD65FB2A44B67600D0CE61 /* ActionExtensionViewModel.swift */ = {isa = PBXFileReference; fileEncoding = 4; lastKnownFileType = sourcecode.swift; path = ActionExtensionViewModel.swift; sourceTree = "<group>"; };
		94BD65FF2A44B77A00D0CE61 /* Info.plist */ = {isa = PBXFileReference; fileEncoding = 4; lastKnownFileType = text.plist.xml; path = Info.plist; sourceTree = "<group>"; };
		94C4E2672C4B06610017C18E /* LatestScreenshotEntry.swift */ = {isa = PBXFileReference; lastKnownFileType = sourcecode.swift; path = LatestScreenshotEntry.swift; sourceTree = "<group>"; };
		94C4E2692C4B06850017C18E /* LatestScreenshotView.swift */ = {isa = PBXFileReference; lastKnownFileType = sourcecode.swift; path = LatestScreenshotView.swift; sourceTree = "<group>"; };
		94C4E26B2C4B08580017C18E /* LatestScreenshotWidget.swift */ = {isa = PBXFileReference; lastKnownFileType = sourcecode.swift; path = LatestScreenshotWidget.swift; sourceTree = "<group>"; };
		94CA148B2B81C13F009D956C /* CreateFramedScreenshotsIntent.swift */ = {isa = PBXFileReference; lastKnownFileType = sourcecode.swift; path = CreateFramedScreenshotsIntent.swift; sourceTree = "<group>"; };
		94CA148D2B81C1CA009D956C /* ShortcutsImageQuality.swift */ = {isa = PBXFileReference; lastKnownFileType = sourcecode.swift; path = ShortcutsImageQuality.swift; sourceTree = "<group>"; };
		94CA14902B81C5C2009D956C /* ShotBotShortcuts.swift */ = {isa = PBXFileReference; lastKnownFileType = sourcecode.swift; path = ShotBotShortcuts.swift; sourceTree = "<group>"; };
		94E20BBA2C4ADDD800C11043 /* RefreshLatestScreenshotIntent.swift */ = {isa = PBXFileReference; lastKnownFileType = sourcecode.swift; path = RefreshLatestScreenshotIntent.swift; sourceTree = "<group>"; };
		94E20BBC2C4ADDE000C11043 /* CGSize+Extension.swift */ = {isa = PBXFileReference; lastKnownFileType = sourcecode.swift; path = "CGSize+Extension.swift"; sourceTree = "<group>"; };
/* End PBXFileReference section */

/* Begin PBXFrameworksBuildPhase section */
		94453E422C4AAD7800B15690 /* Frameworks */ = {
			isa = PBXFrameworksBuildPhase;
			buildActionMask = 2147483647;
			files = (
				94453E492C4AAD7900B15690 /* SwiftUI.framework in Frameworks */,
				94016B042C4F4F03006F025B /* WidgetFeature in Frameworks */,
				94C4E26E2C4B0EDF0017C18E /* MediaManager in Frameworks */,
				94453E472C4AAD7900B15690 /* WidgetKit.framework in Frameworks */,
			);
			runOnlyForDeploymentPostprocessing = 0;
		};
		94BD65C32A44B28700D0CE61 /* Frameworks */ = {
			isa = PBXFrameworksBuildPhase;
			buildActionMask = 2147483647;
			files = (
				94BD65DB2A44B3B300D0CE61 /* AppFeature in Frameworks */,
			);
			runOnlyForDeploymentPostprocessing = 0;
		};
		94BD65DE2A44B49900D0CE61 /* Frameworks */ = {
			isa = PBXFrameworksBuildPhase;
			buildActionMask = 2147483647;
			files = (
				94BD66042A44B8D000D0CE61 /* Models in Frameworks */,
				94BD66022A44B8CC00D0CE61 /* Persistence in Frameworks */,
				94BD65E32A44B49900D0CE61 /* UniformTypeIdentifiers.framework in Frameworks */,
			);
			runOnlyForDeploymentPostprocessing = 0;
		};
/* End PBXFrameworksBuildPhase section */

/* Begin PBXGroup section */
		94453E4A2C4AAD7900B15690 /* Widgets */ = {
			isa = PBXGroup;
			children = (
				9482BE742C51401900881181 /* Preview Content */,
				94453E4B2C4AAD7900B15690 /* WidgetsBundle.swift */,
				946E7FBF2C4C3333001E4C46 /* MultipleScreenshotsProvider */,
				94C4E2662C4B063D0017C18E /* LatestScreenshotWidget */,
				94C4E2702C4B25810017C18E /* Extensions */,
				94453E512C4AAD7A00B15690 /* Assets.xcassets */,
				94453E532C4AAD7A00B15690 /* Info.plist */,
			);
			path = Widgets;
			sourceTree = "<group>";
		};
		9455F4DA2C4F2E85009D0707 /* Intents */ = {
			isa = PBXGroup;
			children = (
				946E7FCA2C4C338B001E4C46 /* DeleteLatestScreenshotIntent.swift */,
				94E20BBA2C4ADDD800C11043 /* RefreshLatestScreenshotIntent.swift */,
			);
			path = Intents;
			sourceTree = "<group>";
		};
		946E7FBF2C4C3333001E4C46 /* MultipleScreenshotsProvider */ = {
			isa = PBXGroup;
			children = (
				946E7FC02C4C3341001E4C46 /* MultipleScreenshotsProvider.swift */,
				946E7FC12C4C3341001E4C46 /* MultipleScreenshotsView.swift */,
				946E7FC32C4C3341001E4C46 /* MultipleScreenshotsEntry.swift */,
				946E7FC42C4C3341001E4C46 /* MultipleScreenshotsWidget.swift */,
			);
			path = MultipleScreenshotsProvider;
			sourceTree = "<group>";
		};
		9482BE742C51401900881181 /* Preview Content */ = {
			isa = PBXGroup;
			children = (
				9482BE752C51402A00881181 /* Preview Assets.xcassets */,
			);
			path = "Preview Content";
			sourceTree = "<group>";
		};
		94BD65BD2A44B28700D0CE61 = {
			isa = PBXGroup;
			children = (
				94BD65D82A44B33700D0CE61 /* ShotbotCore */,
				94BD65C82A44B28700D0CE61 /* Shotbot */,
				94BD65E42A44B49900D0CE61 /* ShotbotActionExtension */,
				94453E4A2C4AAD7900B15690 /* Widgets */,
				94BD65C72A44B28700D0CE61 /* Products */,
				94BD65D92A44B3B300D0CE61 /* Frameworks */,
			);
			sourceTree = "<group>";
		};
		94BD65C72A44B28700D0CE61 /* Products */ = {
			isa = PBXGroup;
			children = (
				94BD65C62A44B28700D0CE61 /* Shotbot.app */,
				94BD65E12A44B49900D0CE61 /* ShotbotActionExtension.appex */,
				94453E452C4AAD7800B15690 /* WidgetsExtension.appex */,
			);
			name = Products;
			sourceTree = "<group>";
		};
		94BD65C82A44B28700D0CE61 /* Shotbot */ = {
			isa = PBXGroup;
			children = (
				94BD65DC2A44B3B900D0CE61 /* Shotbot.entitlements */,
				94BD65C92A44B28700D0CE61 /* ShotbotApp.swift */,
				94CA148F2B81C1CD009D956C /* Shortcuts */,
				94BD65FF2A44B77A00D0CE61 /* Info.plist */,
				94BD65CD2A44B28700D0CE61 /* Assets.xcassets */,
				94BD65CF2A44B28700D0CE61 /* Preview Content */,
			);
			path = Shotbot;
			sourceTree = "<group>";
		};
		94BD65CF2A44B28700D0CE61 /* Preview Content */ = {
			isa = PBXGroup;
			children = (
				94BD65D02A44B28700D0CE61 /* Preview Assets.xcassets */,
			);
			path = "Preview Content";
			sourceTree = "<group>";
		};
		94BD65D92A44B3B300D0CE61 /* Frameworks */ = {
			isa = PBXGroup;
			children = (
				94BD65E22A44B49900D0CE61 /* UniformTypeIdentifiers.framework */,
				94453E462C4AAD7800B15690 /* WidgetKit.framework */,
				94453E482C4AAD7900B15690 /* SwiftUI.framework */,
			);
			name = Frameworks;
			sourceTree = "<group>";
		};
		94BD65E42A44B49900D0CE61 /* ShotbotActionExtension */ = {
			isa = PBXGroup;
			children = (
				94BD65F62A44B55D00D0CE61 /* ShotbotActionExtension.entitlements */,
				94BD65FA2A44B67600D0CE61 /* ActionExtensionView.swift */,
				94BD65FB2A44B67600D0CE61 /* ActionExtensionViewModel.swift */,
				94BD65F92A44B67600D0CE61 /* ActionViewController.swift */,
				94BD65F72A44B62000D0CE61 /* Info.plist */,
				94BD65F42A44B53200D0CE61 /* Assets.xcassets */,
			);
			path = ShotbotActionExtension;
			sourceTree = "<group>";
		};
		94C4E2662C4B063D0017C18E /* LatestScreenshotWidget */ = {
			isa = PBXGroup;
			children = (
				94453E4D2C4AAD7900B15690 /* LatestScreenshotProvider.swift */,
				94C4E2692C4B06850017C18E /* LatestScreenshotView.swift */,
				9455F4DB2C4F2F3B009D0707 /* AdaptiveLabelStyle.swift */,
				9455F4DA2C4F2E85009D0707 /* Intents */,
				94C4E2672C4B06610017C18E /* LatestScreenshotEntry.swift */,
				94C4E26B2C4B08580017C18E /* LatestScreenshotWidget.swift */,
			);
			path = LatestScreenshotWidget;
			sourceTree = "<group>";
		};
		94C4E2702C4B25810017C18E /* Extensions */ = {
			isa = PBXGroup;
			children = (
				94E20BBC2C4ADDE000C11043 /* CGSize+Extension.swift */,
			);
			path = Extensions;
			sourceTree = "<group>";
		};
		94CA148F2B81C1CD009D956C /* Shortcuts */ = {
			isa = PBXGroup;
			children = (
				94CA148B2B81C13F009D956C /* CreateFramedScreenshotsIntent.swift */,
				94CA148D2B81C1CA009D956C /* ShortcutsImageQuality.swift */,
				94CA14902B81C5C2009D956C /* ShotBotShortcuts.swift */,
			);
			path = Shortcuts;
			sourceTree = "<group>";
		};
/* End PBXGroup section */

/* Begin PBXNativeTarget section */
		94453E442C4AAD7800B15690 /* WidgetsExtension */ = {
			isa = PBXNativeTarget;
			buildConfigurationList = 94453E592C4AAD7A00B15690 /* Build configuration list for PBXNativeTarget "WidgetsExtension" */;
			buildPhases = (
				94453E412C4AAD7800B15690 /* Sources */,
				94453E422C4AAD7800B15690 /* Frameworks */,
				94453E432C4AAD7800B15690 /* Resources */,
			);
			buildRules = (
			);
			dependencies = (
			);
			name = WidgetsExtension;
			packageProductDependencies = (
				94C4E26D2C4B0EDF0017C18E /* MediaManager */,
				94016B032C4F4F03006F025B /* WidgetFeature */,
			);
			productName = WidgetsExtension;
			productReference = 94453E452C4AAD7800B15690 /* WidgetsExtension.appex */;
			productType = "com.apple.product-type.app-extension";
		};
		94BD65C52A44B28700D0CE61 /* Shotbot */ = {
			isa = PBXNativeTarget;
			buildConfigurationList = 94BD65D42A44B28700D0CE61 /* Build configuration list for PBXNativeTarget "Shotbot" */;
			buildPhases = (
				94BD65C22A44B28700D0CE61 /* Sources */,
				94BD65C32A44B28700D0CE61 /* Frameworks */,
				94BD65C42A44B28700D0CE61 /* Resources */,
				94BD65F32A44B49900D0CE61 /* Embed Foundation Extensions */,
			);
			buildRules = (
			);
			dependencies = (
				94BD65EE2A44B49900D0CE61 /* PBXTargetDependency */,
				94453E552C4AAD7A00B15690 /* PBXTargetDependency */,
			);
			name = Shotbot;
			packageProductDependencies = (
				94BD65DA2A44B3B300D0CE61 /* AppFeature */,
			);
			productName = Shotbot;
			productReference = 94BD65C62A44B28700D0CE61 /* Shotbot.app */;
			productType = "com.apple.product-type.application";
		};
		94BD65E02A44B49900D0CE61 /* ShotbotActionExtension */ = {
			isa = PBXNativeTarget;
			buildConfigurationList = 94BD65F02A44B49900D0CE61 /* Build configuration list for PBXNativeTarget "ShotbotActionExtension" */;
			buildPhases = (
				94BD65DD2A44B49900D0CE61 /* Sources */,
				94BD65DE2A44B49900D0CE61 /* Frameworks */,
				94BD65DF2A44B49900D0CE61 /* Resources */,
			);
			buildRules = (
			);
			dependencies = (
			);
			name = ShotbotActionExtension;
			packageProductDependencies = (
				94BD66012A44B8CC00D0CE61 /* Persistence */,
				94BD66032A44B8D000D0CE61 /* Models */,
			);
			productName = ShotbotActionExtension;
			productReference = 94BD65E12A44B49900D0CE61 /* ShotbotActionExtension.appex */;
			productType = "com.apple.product-type.app-extension";
		};
/* End PBXNativeTarget section */

/* Begin PBXProject section */
		94BD65BE2A44B28700D0CE61 /* Project object */ = {
			isa = PBXProject;
			attributes = {
				BuildIndependentTargetsInParallel = 1;
				LastSwiftUpdateCheck = 1540;
				LastUpgradeCheck = 1530;
				TargetAttributes = {
					94453E442C4AAD7800B15690 = {
						CreatedOnToolsVersion = 15.4;
					};
					94BD65C52A44B28700D0CE61 = {
						CreatedOnToolsVersion = 14.3.1;
					};
					94BD65E02A44B49900D0CE61 = {
						CreatedOnToolsVersion = 14.3.1;
						LastSwiftMigration = 1430;
					};
				};
			};
			buildConfigurationList = 94BD65C12A44B28700D0CE61 /* Build configuration list for PBXProject "Shotbot" */;
			compatibilityVersion = "Xcode 14.0";
			developmentRegion = en;
			hasScannedForEncodings = 0;
			knownRegions = (
				en,
				Base,
			);
			mainGroup = 94BD65BD2A44B28700D0CE61;
			packageReferences = (
			);
			productRefGroup = 94BD65C72A44B28700D0CE61 /* Products */;
			projectDirPath = "";
			projectRoot = "";
			targets = (
				94BD65C52A44B28700D0CE61 /* Shotbot */,
				94BD65E02A44B49900D0CE61 /* ShotbotActionExtension */,
				94453E442C4AAD7800B15690 /* WidgetsExtension */,
			);
		};
/* End PBXProject section */

/* Begin PBXResourcesBuildPhase section */
		94453E432C4AAD7800B15690 /* Resources */ = {
			isa = PBXResourcesBuildPhase;
			buildActionMask = 2147483647;
			files = (
				94C4E26F2C4B23950017C18E /* Assets.xcassets in Resources */,
				940A9E662C514AA20093893D /* Preview Assets.xcassets in Resources */,
				94453E522C4AAD7A00B15690 /* Assets.xcassets in Resources */,
			);
			runOnlyForDeploymentPostprocessing = 0;
		};
		94BD65C42A44B28700D0CE61 /* Resources */ = {
			isa = PBXResourcesBuildPhase;
			buildActionMask = 2147483647;
			files = (
				94BD65D12A44B28700D0CE61 /* Preview Assets.xcassets in Resources */,
				94BD65CE2A44B28700D0CE61 /* Assets.xcassets in Resources */,
			);
			runOnlyForDeploymentPostprocessing = 0;
		};
		94BD65DF2A44B49900D0CE61 /* Resources */ = {
			isa = PBXResourcesBuildPhase;
			buildActionMask = 2147483647;
			files = (
				94BD65F52A44B53200D0CE61 /* Assets.xcassets in Resources */,
			);
			runOnlyForDeploymentPostprocessing = 0;
		};
/* End PBXResourcesBuildPhase section */

/* Begin PBXSourcesBuildPhase section */
		94453E412C4AAD7800B15690 /* Sources */ = {
			isa = PBXSourcesBuildPhase;
			buildActionMask = 2147483647;
			files = (
				9455F4DC2C4F2F3B009D0707 /* AdaptiveLabelStyle.swift in Sources */,
				94E20BBD2C4ADDE000C11043 /* CGSize+Extension.swift in Sources */,
				94453E4C2C4AAD7900B15690 /* WidgetsBundle.swift in Sources */,
				94453E4E2C4AAD7900B15690 /* LatestScreenshotProvider.swift in Sources */,
				94C4E26A2C4B06850017C18E /* LatestScreenshotView.swift in Sources */,
				94C4E26C2C4B08580017C18E /* LatestScreenshotWidget.swift in Sources */,
				946E7FCB2C4C338B001E4C46 /* DeleteLatestScreenshotIntent.swift in Sources */,
				946E7FC52C4C3341001E4C46 /* MultipleScreenshotsView.swift in Sources */,
				946E7FC62C4C3341001E4C46 /* MultipleScreenshotsWidget.swift in Sources */,
				946E7FC72C4C3341001E4C46 /* MultipleScreenshotsEntry.swift in Sources */,
				946E7FC92C4C3341001E4C46 /* MultipleScreenshotsProvider.swift in Sources */,
				94E20BBB2C4ADDD800C11043 /* RefreshLatestScreenshotIntent.swift in Sources */,
				94C4E2682C4B06610017C18E /* LatestScreenshotEntry.swift in Sources */,
			);
			runOnlyForDeploymentPostprocessing = 0;
		};
		94BD65C22A44B28700D0CE61 /* Sources */ = {
			isa = PBXSourcesBuildPhase;
			buildActionMask = 2147483647;
			files = (
				94CA148C2B81C13F009D956C /* CreateFramedScreenshotsIntent.swift in Sources */,
				94CA148E2B81C1CA009D956C /* ShortcutsImageQuality.swift in Sources */,
				94BD65CA2A44B28700D0CE61 /* ShotbotApp.swift in Sources */,
				94CA14912B81C5C2009D956C /* ShotBotShortcuts.swift in Sources */,
			);
			runOnlyForDeploymentPostprocessing = 0;
		};
		94BD65DD2A44B49900D0CE61 /* Sources */ = {
			isa = PBXSourcesBuildPhase;
			buildActionMask = 2147483647;
			files = (
				94BD65FD2A44B67600D0CE61 /* ActionExtensionView.swift in Sources */,
				94BD65FE2A44B67600D0CE61 /* ActionExtensionViewModel.swift in Sources */,
				94BD65FC2A44B67600D0CE61 /* ActionViewController.swift in Sources */,
			);
			runOnlyForDeploymentPostprocessing = 0;
		};
/* End PBXSourcesBuildPhase section */

/* Begin PBXTargetDependency section */
		94453E552C4AAD7A00B15690 /* PBXTargetDependency */ = {
			isa = PBXTargetDependency;
			target = 94453E442C4AAD7800B15690 /* WidgetsExtension */;
			targetProxy = 94453E542C4AAD7A00B15690 /* PBXContainerItemProxy */;
		};
		94BD65EE2A44B49900D0CE61 /* PBXTargetDependency */ = {
			isa = PBXTargetDependency;
			target = 94BD65E02A44B49900D0CE61 /* ShotbotActionExtension */;
			targetProxy = 94BD65ED2A44B49900D0CE61 /* PBXContainerItemProxy */;
		};
/* End PBXTargetDependency section */

/* Begin XCBuildConfiguration section */
		94453E572C4AAD7A00B15690 /* Debug */ = {
			isa = XCBuildConfiguration;
			buildSettings = {
				ASSETCATALOG_COMPILER_GLOBAL_ACCENT_COLOR_NAME = AccentColor;
				ASSETCATALOG_COMPILER_WIDGET_BACKGROUND_COLOR_NAME = WidgetBackground;
				CODE_SIGN_STYLE = Automatic;
				CURRENT_PROJECT_VERSION = "$(CURRENT_PROJECT_VERSION)";
				DEVELOPMENT_ASSET_PATHS = "\"Widgets/Preview Content\"";
				DEVELOPMENT_TEAM = 29BB6CT754;
				GCC_C_LANGUAGE_STANDARD = gnu17;
				GENERATE_INFOPLIST_FILE = YES;
				INFOPLIST_FILE = Widgets/Info.plist;
				INFOPLIST_KEY_CFBundleDisplayName = Widgets;
				INFOPLIST_KEY_NSHumanReadableCopyright = "";
				IPHONEOS_DEPLOYMENT_TARGET = 17.0;
				LD_RUNPATH_SEARCH_PATHS = (
					"$(inherited)",
					"@executable_path/Frameworks",
					"@executable_path/../../Frameworks",
				);
				LOCALIZATION_PREFERS_STRING_CATALOGS = YES;
				MARKETING_VERSION = "$(MARKETING_VERSION)";
				PRODUCT_BUNDLE_IDENTIFIER = com.rspoon3.ShotbotFrames.Widgets;
				PRODUCT_NAME = "$(TARGET_NAME)";
				SKIP_INSTALL = YES;
				SWIFT_ACTIVE_COMPILATION_CONDITIONS = "DEBUG $(inherited)";
				SWIFT_EMIT_LOC_STRINGS = YES;
				SWIFT_VERSION = 5.0;
				TARGETED_DEVICE_FAMILY = "1,2";
			};
			name = Debug;
		};
		94453E582C4AAD7A00B15690 /* Release */ = {
			isa = XCBuildConfiguration;
			buildSettings = {
				ASSETCATALOG_COMPILER_GLOBAL_ACCENT_COLOR_NAME = AccentColor;
				ASSETCATALOG_COMPILER_WIDGET_BACKGROUND_COLOR_NAME = WidgetBackground;
				CODE_SIGN_STYLE = Automatic;
				CURRENT_PROJECT_VERSION = "$(CURRENT_PROJECT_VERSION)";
				DEVELOPMENT_ASSET_PATHS = "\"Widgets/Preview Content\"";
				DEVELOPMENT_TEAM = 29BB6CT754;
				GCC_C_LANGUAGE_STANDARD = gnu17;
				GENERATE_INFOPLIST_FILE = YES;
				INFOPLIST_FILE = Widgets/Info.plist;
				INFOPLIST_KEY_CFBundleDisplayName = Widgets;
				INFOPLIST_KEY_NSHumanReadableCopyright = "";
				IPHONEOS_DEPLOYMENT_TARGET = 17.0;
				LD_RUNPATH_SEARCH_PATHS = (
					"$(inherited)",
					"@executable_path/Frameworks",
					"@executable_path/../../Frameworks",
				);
				LOCALIZATION_PREFERS_STRING_CATALOGS = YES;
				MARKETING_VERSION = "$(MARKETING_VERSION)";
				PRODUCT_BUNDLE_IDENTIFIER = com.rspoon3.ShotbotFrames.Widgets;
				PRODUCT_NAME = "$(TARGET_NAME)";
				SKIP_INSTALL = YES;
				SWIFT_EMIT_LOC_STRINGS = YES;
				SWIFT_VERSION = 5.0;
				TARGETED_DEVICE_FAMILY = "1,2";
			};
			name = Release;
		};
		94BD65D22A44B28700D0CE61 /* Debug */ = {
			isa = XCBuildConfiguration;
			buildSettings = {
				ALWAYS_SEARCH_USER_PATHS = NO;
				ASSETCATALOG_COMPILER_GENERATE_SWIFT_ASSET_SYMBOL_EXTENSIONS = YES;
				CLANG_ANALYZER_NONNULL = YES;
				CLANG_ANALYZER_NUMBER_OBJECT_CONVERSION = YES_AGGRESSIVE;
				CLANG_CXX_LANGUAGE_STANDARD = "gnu++20";
				CLANG_ENABLE_MODULES = YES;
				CLANG_ENABLE_OBJC_ARC = YES;
				CLANG_ENABLE_OBJC_WEAK = YES;
				CLANG_WARN_BLOCK_CAPTURE_AUTORELEASING = YES;
				CLANG_WARN_BOOL_CONVERSION = YES;
				CLANG_WARN_COMMA = YES;
				CLANG_WARN_CONSTANT_CONVERSION = YES;
				CLANG_WARN_DEPRECATED_OBJC_IMPLEMENTATIONS = YES;
				CLANG_WARN_DIRECT_OBJC_ISA_USAGE = YES_ERROR;
				CLANG_WARN_DOCUMENTATION_COMMENTS = YES;
				CLANG_WARN_EMPTY_BODY = YES;
				CLANG_WARN_ENUM_CONVERSION = YES;
				CLANG_WARN_INFINITE_RECURSION = YES;
				CLANG_WARN_INT_CONVERSION = YES;
				CLANG_WARN_NON_LITERAL_NULL_CONVERSION = YES;
				CLANG_WARN_OBJC_IMPLICIT_RETAIN_SELF = YES;
				CLANG_WARN_OBJC_LITERAL_CONVERSION = YES;
				CLANG_WARN_OBJC_ROOT_CLASS = YES_ERROR;
				CLANG_WARN_QUOTED_INCLUDE_IN_FRAMEWORK_HEADER = YES;
				CLANG_WARN_RANGE_LOOP_ANALYSIS = YES;
				CLANG_WARN_STRICT_PROTOTYPES = YES;
				CLANG_WARN_SUSPICIOUS_MOVE = YES;
				CLANG_WARN_UNGUARDED_AVAILABILITY = YES_AGGRESSIVE;
				CLANG_WARN_UNREACHABLE_CODE = YES;
				CLANG_WARN__DUPLICATE_METHOD_MATCH = YES;
				COPY_PHASE_STRIP = NO;
				CURRENT_PROJECT_VERSION = 1;
				DEBUG_INFORMATION_FORMAT = dwarf;
				ENABLE_STRICT_OBJC_MSGSEND = YES;
				ENABLE_TESTABILITY = YES;
				ENABLE_USER_SCRIPT_SANDBOXING = YES;
				GCC_C_LANGUAGE_STANDARD = gnu11;
				GCC_DYNAMIC_NO_PIC = NO;
				GCC_NO_COMMON_BLOCKS = YES;
				GCC_OPTIMIZATION_LEVEL = 0;
				GCC_PREPROCESSOR_DEFINITIONS = (
					"DEBUG=1",
					"$(inherited)",
				);
				GCC_WARN_64_TO_32_BIT_CONVERSION = YES;
				GCC_WARN_ABOUT_RETURN_TYPE = YES_ERROR;
				GCC_WARN_UNDECLARED_SELECTOR = YES;
				GCC_WARN_UNINITIALIZED_AUTOS = YES_AGGRESSIVE;
				GCC_WARN_UNUSED_FUNCTION = YES;
				GCC_WARN_UNUSED_VARIABLE = YES;
				IPHONEOS_DEPLOYMENT_TARGET = 16.0;
				MARKETING_VERSION = 1.6;
				MTL_ENABLE_DEBUG_INFO = INCLUDE_SOURCE;
				MTL_FAST_MATH = YES;
				ONLY_ACTIVE_ARCH = YES;
				SDKROOT = iphoneos;
				SWIFT_ACTIVE_COMPILATION_CONDITIONS = DEBUG;
				SWIFT_OPTIMIZATION_LEVEL = "-Onone";
			};
			name = Debug;
		};
		94BD65D32A44B28700D0CE61 /* Release */ = {
			isa = XCBuildConfiguration;
			buildSettings = {
				ALWAYS_SEARCH_USER_PATHS = NO;
				ASSETCATALOG_COMPILER_GENERATE_SWIFT_ASSET_SYMBOL_EXTENSIONS = YES;
				CLANG_ANALYZER_NONNULL = YES;
				CLANG_ANALYZER_NUMBER_OBJECT_CONVERSION = YES_AGGRESSIVE;
				CLANG_CXX_LANGUAGE_STANDARD = "gnu++20";
				CLANG_ENABLE_MODULES = YES;
				CLANG_ENABLE_OBJC_ARC = YES;
				CLANG_ENABLE_OBJC_WEAK = YES;
				CLANG_WARN_BLOCK_CAPTURE_AUTORELEASING = YES;
				CLANG_WARN_BOOL_CONVERSION = YES;
				CLANG_WARN_COMMA = YES;
				CLANG_WARN_CONSTANT_CONVERSION = YES;
				CLANG_WARN_DEPRECATED_OBJC_IMPLEMENTATIONS = YES;
				CLANG_WARN_DIRECT_OBJC_ISA_USAGE = YES_ERROR;
				CLANG_WARN_DOCUMENTATION_COMMENTS = YES;
				CLANG_WARN_EMPTY_BODY = YES;
				CLANG_WARN_ENUM_CONVERSION = YES;
				CLANG_WARN_INFINITE_RECURSION = YES;
				CLANG_WARN_INT_CONVERSION = YES;
				CLANG_WARN_NON_LITERAL_NULL_CONVERSION = YES;
				CLANG_WARN_OBJC_IMPLICIT_RETAIN_SELF = YES;
				CLANG_WARN_OBJC_LITERAL_CONVERSION = YES;
				CLANG_WARN_OBJC_ROOT_CLASS = YES_ERROR;
				CLANG_WARN_QUOTED_INCLUDE_IN_FRAMEWORK_HEADER = YES;
				CLANG_WARN_RANGE_LOOP_ANALYSIS = YES;
				CLANG_WARN_STRICT_PROTOTYPES = YES;
				CLANG_WARN_SUSPICIOUS_MOVE = YES;
				CLANG_WARN_UNGUARDED_AVAILABILITY = YES_AGGRESSIVE;
				CLANG_WARN_UNREACHABLE_CODE = YES;
				CLANG_WARN__DUPLICATE_METHOD_MATCH = YES;
				COPY_PHASE_STRIP = NO;
				CURRENT_PROJECT_VERSION = 1;
				DEBUG_INFORMATION_FORMAT = "dwarf-with-dsym";
				ENABLE_NS_ASSERTIONS = NO;
				ENABLE_STRICT_OBJC_MSGSEND = YES;
				ENABLE_USER_SCRIPT_SANDBOXING = YES;
				GCC_C_LANGUAGE_STANDARD = gnu11;
				GCC_NO_COMMON_BLOCKS = YES;
				GCC_WARN_64_TO_32_BIT_CONVERSION = YES;
				GCC_WARN_ABOUT_RETURN_TYPE = YES_ERROR;
				GCC_WARN_UNDECLARED_SELECTOR = YES;
				GCC_WARN_UNINITIALIZED_AUTOS = YES_AGGRESSIVE;
				GCC_WARN_UNUSED_FUNCTION = YES;
				GCC_WARN_UNUSED_VARIABLE = YES;
				IPHONEOS_DEPLOYMENT_TARGET = 16.0;
				MARKETING_VERSION = 1.6;
				MTL_ENABLE_DEBUG_INFO = NO;
				MTL_FAST_MATH = YES;
				SDKROOT = iphoneos;
				SWIFT_COMPILATION_MODE = wholemodule;
				SWIFT_OPTIMIZATION_LEVEL = "-O";
				VALIDATE_PRODUCT = YES;
			};
			name = Release;
		};
		94BD65D52A44B28700D0CE61 /* Debug */ = {
			isa = XCBuildConfiguration;
			buildSettings = {
				ALWAYS_EMBED_SWIFT_STANDARD_LIBRARIES = YES;
				ASSETCATALOG_COMPILER_APPICON_NAME = AppIcon;
				ASSETCATALOG_COMPILER_GLOBAL_ACCENT_COLOR_NAME = AccentColor;
				CODE_SIGN_ENTITLEMENTS = Shotbot/Shotbot.entitlements;
				CODE_SIGN_STYLE = Automatic;
				CURRENT_PROJECT_VERSION = "$(CURRENT_PROJECT_VERSION)";
				DEAD_CODE_STRIPPING = YES;
				DEVELOPMENT_ASSET_PATHS = "\"Shotbot/Preview Content\"";
				DEVELOPMENT_TEAM = 29BB6CT754;
				ENABLE_PREVIEWS = YES;
				GENERATE_INFOPLIST_FILE = YES;
				INFOPLIST_FILE = Shotbot/Info.plist;
				INFOPLIST_KEY_CFBundleDisplayName = Shotbot;
				INFOPLIST_KEY_LSApplicationCategoryType = "public.app-category.graphics-design";
				INFOPLIST_KEY_NSPhotoLibraryUsageDescription = "Add and delete screenshots to your photo library";
				INFOPLIST_KEY_UIApplicationSceneManifest_Generation = YES;
				INFOPLIST_KEY_UIApplicationSupportsIndirectInputEvents = YES;
				INFOPLIST_KEY_UILaunchScreen_Generation = YES;
				INFOPLIST_KEY_UISupportedInterfaceOrientations = UIInterfaceOrientationPortrait;
				INFOPLIST_KEY_UISupportedInterfaceOrientations_iPad = "UIInterfaceOrientationLandscapeLeft UIInterfaceOrientationLandscapeRight UIInterfaceOrientationPortrait UIInterfaceOrientationPortraitUpsideDown";
				IPHONEOS_DEPLOYMENT_TARGET = 16.0;
				LD_RUNPATH_SEARCH_PATHS = (
					"$(inherited)",
					"@executable_path/Frameworks",
				);
				MARKETING_VERSION = "$(MARKETING_VERSION)";
				PRODUCT_BUNDLE_IDENTIFIER = com.rspoon3.ShotbotFrames;
				PRODUCT_NAME = "$(TARGET_NAME)";
				SDKROOT = auto;
				SUPPORTED_PLATFORMS = "iphoneos iphonesimulator xros xrsimulator";
				SUPPORTS_MACCATALYST = NO;
				SUPPORTS_MAC_DESIGNED_FOR_IPHONE_IPAD = YES;
				SUPPORTS_XR_DESIGNED_FOR_IPHONE_IPAD = NO;
				SWIFT_EMIT_LOC_STRINGS = YES;
				SWIFT_VERSION = 5.0;
				TARGETED_DEVICE_FAMILY = "1,2,7";
			};
			name = Debug;
		};
		94BD65D62A44B28700D0CE61 /* Release */ = {
			isa = XCBuildConfiguration;
			buildSettings = {
				ALWAYS_EMBED_SWIFT_STANDARD_LIBRARIES = YES;
				ASSETCATALOG_COMPILER_APPICON_NAME = AppIcon;
				ASSETCATALOG_COMPILER_GLOBAL_ACCENT_COLOR_NAME = AccentColor;
				CODE_SIGN_ENTITLEMENTS = Shotbot/Shotbot.entitlements;
				CODE_SIGN_STYLE = Automatic;
				CURRENT_PROJECT_VERSION = "$(CURRENT_PROJECT_VERSION)";
				DEAD_CODE_STRIPPING = YES;
				DEVELOPMENT_ASSET_PATHS = "\"Shotbot/Preview Content\"";
				DEVELOPMENT_TEAM = 29BB6CT754;
				ENABLE_PREVIEWS = YES;
				GENERATE_INFOPLIST_FILE = YES;
				INFOPLIST_FILE = Shotbot/Info.plist;
				INFOPLIST_KEY_CFBundleDisplayName = Shotbot;
				INFOPLIST_KEY_LSApplicationCategoryType = "public.app-category.graphics-design";
				INFOPLIST_KEY_NSPhotoLibraryUsageDescription = "Add and delete screenshots to your photo library";
				INFOPLIST_KEY_UIApplicationSceneManifest_Generation = YES;
				INFOPLIST_KEY_UIApplicationSupportsIndirectInputEvents = YES;
				INFOPLIST_KEY_UILaunchScreen_Generation = YES;
				INFOPLIST_KEY_UISupportedInterfaceOrientations = UIInterfaceOrientationPortrait;
				INFOPLIST_KEY_UISupportedInterfaceOrientations_iPad = "UIInterfaceOrientationLandscapeLeft UIInterfaceOrientationLandscapeRight UIInterfaceOrientationPortrait UIInterfaceOrientationPortraitUpsideDown";
				IPHONEOS_DEPLOYMENT_TARGET = 16.0;
				LD_RUNPATH_SEARCH_PATHS = (
					"$(inherited)",
					"@executable_path/Frameworks",
				);
				MARKETING_VERSION = "$(MARKETING_VERSION)";
				PRODUCT_BUNDLE_IDENTIFIER = com.rspoon3.ShotbotFrames;
				PRODUCT_NAME = "$(TARGET_NAME)";
				SDKROOT = auto;
				SUPPORTED_PLATFORMS = "iphoneos iphonesimulator xros xrsimulator";
				SUPPORTS_MACCATALYST = NO;
				SUPPORTS_MAC_DESIGNED_FOR_IPHONE_IPAD = YES;
				SUPPORTS_XR_DESIGNED_FOR_IPHONE_IPAD = NO;
				SWIFT_EMIT_LOC_STRINGS = YES;
				SWIFT_VERSION = 5.0;
				TARGETED_DEVICE_FAMILY = "1,2,7";
			};
			name = Release;
		};
		94BD65F12A44B49900D0CE61 /* Debug */ = {
			isa = XCBuildConfiguration;
			buildSettings = {
				ASSETCATALOG_COMPILER_APPICON_NAME = ActionIcon;
				CLANG_ENABLE_MODULES = YES;
				CODE_SIGN_ENTITLEMENTS = ShotbotActionExtension/ShotbotActionExtension.entitlements;
				CODE_SIGN_STYLE = Automatic;
				CURRENT_PROJECT_VERSION = "$(CURRENT_PROJECT_VERSION)";
				DEVELOPMENT_TEAM = 29BB6CT754;
				GENERATE_INFOPLIST_FILE = YES;
				INFOPLIST_FILE = ShotbotActionExtension/Info.plist;
				INFOPLIST_KEY_CFBundleDisplayName = "Create Framed Screenshot";
				INFOPLIST_KEY_NSHumanReadableCopyright = "";
				IPHONEOS_DEPLOYMENT_TARGET = 16.0;
				LD_RUNPATH_SEARCH_PATHS = (
					"$(inherited)",
					"@executable_path/Frameworks",
					"@executable_path/../../Frameworks",
				);
				MARKETING_VERSION = "$(MARKETING_VERSION)";
				PRODUCT_BUNDLE_IDENTIFIER = com.rspoon3.ShotbotFrames.ShotbotActionExtension;
				PRODUCT_NAME = "$(TARGET_NAME)";
				SKIP_INSTALL = YES;
				SUPPORTED_PLATFORMS = "iphoneos iphonesimulator xros xrsimulator";
				SUPPORTS_MACCATALYST = NO;
				SUPPORTS_XR_DESIGNED_FOR_IPHONE_IPAD = NO;
				SWIFT_EMIT_LOC_STRINGS = YES;
				SWIFT_OPTIMIZATION_LEVEL = "-Onone";
				SWIFT_VERSION = 5.0;
				TARGETED_DEVICE_FAMILY = "1,2,7";
			};
			name = Debug;
		};
		94BD65F22A44B49900D0CE61 /* Release */ = {
			isa = XCBuildConfiguration;
			buildSettings = {
				ASSETCATALOG_COMPILER_APPICON_NAME = ActionIcon;
				CLANG_ENABLE_MODULES = YES;
				CODE_SIGN_ENTITLEMENTS = ShotbotActionExtension/ShotbotActionExtension.entitlements;
				CODE_SIGN_STYLE = Automatic;
				CURRENT_PROJECT_VERSION = "$(CURRENT_PROJECT_VERSION)";
				DEVELOPMENT_TEAM = 29BB6CT754;
				GENERATE_INFOPLIST_FILE = YES;
				INFOPLIST_FILE = ShotbotActionExtension/Info.plist;
				INFOPLIST_KEY_CFBundleDisplayName = "Create Framed Screenshot";
				INFOPLIST_KEY_NSHumanReadableCopyright = "";
				IPHONEOS_DEPLOYMENT_TARGET = 16.0;
				LD_RUNPATH_SEARCH_PATHS = (
					"$(inherited)",
					"@executable_path/Frameworks",
					"@executable_path/../../Frameworks",
				);
				MARKETING_VERSION = "$(MARKETING_VERSION)";
				PRODUCT_BUNDLE_IDENTIFIER = com.rspoon3.ShotbotFrames.ShotbotActionExtension;
				PRODUCT_NAME = "$(TARGET_NAME)";
				SKIP_INSTALL = YES;
				SUPPORTED_PLATFORMS = "iphoneos iphonesimulator xros xrsimulator";
				SUPPORTS_MACCATALYST = NO;
				SUPPORTS_XR_DESIGNED_FOR_IPHONE_IPAD = NO;
				SWIFT_EMIT_LOC_STRINGS = YES;
				SWIFT_VERSION = 5.0;
				TARGETED_DEVICE_FAMILY = "1,2,7";
			};
			name = Release;
		};
/* End XCBuildConfiguration section */

/* Begin XCConfigurationList section */
		94453E592C4AAD7A00B15690 /* Build configuration list for PBXNativeTarget "WidgetsExtension" */ = {
			isa = XCConfigurationList;
			buildConfigurations = (
				94453E572C4AAD7A00B15690 /* Debug */,
				94453E582C4AAD7A00B15690 /* Release */,
			);
			defaultConfigurationIsVisible = 0;
			defaultConfigurationName = Release;
		};
		94BD65C12A44B28700D0CE61 /* Build configuration list for PBXProject "Shotbot" */ = {
			isa = XCConfigurationList;
			buildConfigurations = (
				94BD65D22A44B28700D0CE61 /* Debug */,
				94BD65D32A44B28700D0CE61 /* Release */,
			);
			defaultConfigurationIsVisible = 0;
			defaultConfigurationName = Release;
		};
		94BD65D42A44B28700D0CE61 /* Build configuration list for PBXNativeTarget "Shotbot" */ = {
			isa = XCConfigurationList;
			buildConfigurations = (
				94BD65D52A44B28700D0CE61 /* Debug */,
				94BD65D62A44B28700D0CE61 /* Release */,
			);
			defaultConfigurationIsVisible = 0;
			defaultConfigurationName = Release;
		};
		94BD65F02A44B49900D0CE61 /* Build configuration list for PBXNativeTarget "ShotbotActionExtension" */ = {
			isa = XCConfigurationList;
			buildConfigurations = (
				94BD65F12A44B49900D0CE61 /* Debug */,
				94BD65F22A44B49900D0CE61 /* Release */,
			);
			defaultConfigurationIsVisible = 0;
			defaultConfigurationName = Release;
		};
/* End XCConfigurationList section */

/* Begin XCSwiftPackageProductDependency section */
		94016B032C4F4F03006F025B /* WidgetFeature */ = {
			isa = XCSwiftPackageProductDependency;
			productName = WidgetFeature;
		};
		94BD65DA2A44B3B300D0CE61 /* AppFeature */ = {
			isa = XCSwiftPackageProductDependency;
			productName = AppFeature;
		};
		94BD66012A44B8CC00D0CE61 /* Persistence */ = {
			isa = XCSwiftPackageProductDependency;
			productName = Persistence;
		};
		94BD66032A44B8D000D0CE61 /* Models */ = {
			isa = XCSwiftPackageProductDependency;
			productName = Models;
		};
		94C4E26D2C4B0EDF0017C18E /* MediaManager */ = {
			isa = XCSwiftPackageProductDependency;
			productName = MediaManager;
		};
/* End XCSwiftPackageProductDependency section */
	};
	rootObject = 94BD65BE2A44B28700D0CE61 /* Project object */;
}
